
Microsoft Visual Studio Solution File, Format Version 12.00
# Visual Studio Version 17
VisualStudioVersion = 17.11.35327.3
MinimumVisualStudioVersion = 10.0.40219.1
Project("{9A19103F-16F7-4668-BE54-9A1E7A4F7556}") = "01_ LinqPractice", "01_ LinqPractice\01_ LinqPractice.csproj", "{4542140F-9A52-4209-A98C-D662064ABA81}"
EndProject
Project("{9A19103F-16F7-4668-BE54-9A1E7A4F7556}") = "02_Patikafy-MusicPlatform", "02_Patikafy-MusicPlatform\02_Patikafy-MusicPlatform.csproj", "{B75EFB0E-C944-4383-9D84-0E8B40D37E50}"
EndProject
Project("{FAE04EC0-301F-11D3-BF4B-00C04F79EFBC}") = "03_Patikaflix-ShowPlatform", "03_Patikaflix-ShowPlatform\03_Patikaflix-ShowPlatform.csproj", "{A48BEB3B-6A52-46E5-8729-967D3BD81C3E}"
EndProject
Global
	GlobalSection(SolutionConfigurationPlatforms) = preSolution
		Debug|Any CPU = Debug|Any CPU
		Release|Any CPU = Release|Any CPU
	EndGlobalSection
	GlobalSection(ProjectConfigurationPlatforms) = postSolution
		{4542140F-9A52-4209-A98C-D662064ABA81}.Debug|Any CPU.ActiveCfg = Debug|Any CPU
		{4542140F-9A52-4209-A98C-D662064ABA81}.Debug|Any CPU.Build.0 = Debug|Any CPU
		{4542140F-9A52-4209-A98C-D662064ABA81}.Release|Any CPU.ActiveCfg = Release|Any CPU
		{4542140F-9A52-4209-A98C-D662064ABA81}.Release|Any CPU.Build.0 = Release|Any CPU
		{B75EFB0E-C944-4383-9D84-0E8B40D37E50}.Debug|Any CPU.ActiveCfg = Debug|Any CPU
		{B75EFB0E-C944-4383-9D84-0E8B40D37E50}.Debug|Any CPU.Build.0 = Debug|Any CPU
		{B75EFB0E-C944-4383-9D84-0E8B40D37E50}.Release|Any CPU.ActiveCfg = Release|Any CPU
		{B75EFB0E-C944-4383-9D84-0E8B40D37E50}.Release|Any CPU.Build.0 = Release|Any CPU
		{A48BEB3B-6A52-46E5-8729-967D3BD81C3E}.Debug|Any CPU.ActiveCfg = Debug|Any CPU
		{A48BEB3B-6A52-46E5-8729-967D3BD81C3E}.Debug|Any CPU.Build.0 = Debug|Any CPU
		{A48BEB3B-6A52-46E5-8729-967D3BD81C3E}.Release|Any CPU.ActiveCfg = Release|Any CPU
		{A48BEB3B-6A52-46E5-8729-967D3BD81C3E}.Release|Any CPU.Build.0 = Release|Any CPU
	EndGlobalSection
	GlobalSection(SolutionProperties) = preSolution
		HideSolutionNode = FALSE
	EndGlobalSection
	GlobalSection(ExtensibilityGlobals) = postSolution
		SolutionGuid = {6C4155F7-7329-4086-8F98-8FBFB918CEE2}
	EndGlobalSection
EndGlobal
